{
  "originHash" : "126333d246af66554a405c7a6af8dbd8704b1d6ddbcf99a8643e76ec79a02457",
  "pins" : [
    {
      "identity" : "alamofire",
      "kind" : "remoteSourceControl",
      "location" : "https://github.com/Alamofire/Alamofire",
      "state" : {
        "revision" : "f455c2975872ccd2d9c81594c658af65716e9b9a",
        "version" : "5.9.1"
      }
    },
    {
      "identity" : "swift-log",
      "kind" : "remoteSourceControl",
      "location" : "https://github.com/apple/swift-log",
      "state" : {
        "revision" : "2778fd4e5a12a8aaa30a3ee8285f4ce54c5f3181",
        "version" : "1.9.1"
      }
    },
    {
      "identity" : "swiftutils",
      "kind" : "remoteSourceControl",
      "location" : "https://github.com/zhihaofans/SwiftUtils",
      "state" : {
        "revision" : "6448e27d650e0dc35dfc235e60b52a5e049ac71c",
        "version" : "0.0.18"
      }
    }
  ],
  "version" : 3
}
